
Microsoft Visual Studio Solution File, Format Version 12.00
# Visual Studio Version 17
VisualStudioVersion = 17.7.34024.191
MinimumVisualStudioVersion = 10.0.40219.1
Project("{FAE04EC0-301F-11D3-BF4B-00C04F79EFBC}") = "WpfApp3", "WpfApp3\WpfApp3.csproj", "{0B5DC0D3-DFE3-48DE-B258-4BFFB49E18CB}"
EndProject
Global
	GlobalSection(SolutionConfigurationPlatforms) = preSolution
		Debug|Any CPU = Debug|Any CPU
		Release|Any CPU = Release|Any CPU
	EndGlobalSection
	GlobalSection(ProjectConfigurationPlatforms) = postSolution
		{0B5DC0D3-DFE3-48DE-B258-4BFFB49E18CB}.Debug|Any CPU.ActiveCfg = Debug|Any CPU
		{0B5DC0D3-DFE3-48DE-B258-4BFFB49E18CB}.Debug|Any CPU.Build.0 = Debug|Any CPU
		{0B5DC0D3-DFE3-48DE-B258-4BFFB49E18CB}.Release|Any CPU.ActiveCfg = Release|Any CPU
		{0B5DC0D3-DFE3-48DE-B258-4BFFB49E18CB}.Release|Any CPU.Build.0 = Release|Any CPU
	EndGlobalSection
	GlobalSection(SolutionProperties) = preSolution
		HideSolutionNode = FALSE
	EndGlobalSection
	GlobalSection(ExtensibilityGlobals) = postSolution
		SolutionGuid = {09497F1A-09EC-4716-B4D2-5EDF9FB4B576}
	EndGlobalSection
EndGlobal
